
Microsoft Visual Studio Solution File, Format Version 12.00
# Visual Studio Version 17
VisualStudioVersion = 17.0.31903.59
MinimumVisualStudioVersion = 10.0.40219.1
Project("{FAE04EC0-301F-11D3-BF4B-00C04F79EFBC}") = "OOFSponderModern", "OOFSponderModern\OOFSponderModern.csproj", "{E2805FD3-0CFA-4BD4-81F4-9D6A4D57BBFC}"
EndProject
Project("{FAE04EC0-301F-11D3-BF4B-00C04F79EFBC}") = "OOFSponderModern.Tests", "OOFSponderModern.Tests\OOFSponderModern.Tests.csproj", "{8A903B02-6A80-4196-8EC2-CF38DBFC02D5}"
EndProject
Global
	GlobalSection(SolutionConfigurationPlatforms) = preSolution
		Debug|Any CPU = Debug|Any CPU
		Debug|x64 = Debug|x64
		Debug|x86 = Debug|x86
		Release|Any CPU = Release|Any CPU
		Release|x64 = Release|x64
		Release|x86 = Release|x86
	EndGlobalSection
	GlobalSection(ProjectConfigurationPlatforms) = postSolution
		{E2805FD3-0CFA-4BD4-81F4-9D6A4D57BBFC}.Debug|Any CPU.ActiveCfg = Debug|Any CPU
		{E2805FD3-0CFA-4BD4-81F4-9D6A4D57BBFC}.Debug|Any CPU.Build.0 = Debug|Any CPU
		{E2805FD3-0CFA-4BD4-81F4-9D6A4D57BBFC}.Debug|x64.ActiveCfg = Debug|Any CPU
		{E2805FD3-0CFA-4BD4-81F4-9D6A4D57BBFC}.Debug|x64.Build.0 = Debug|Any CPU
		{E2805FD3-0CFA-4BD4-81F4-9D6A4D57BBFC}.Debug|x86.ActiveCfg = Debug|Any CPU
		{E2805FD3-0CFA-4BD4-81F4-9D6A4D57BBFC}.Debug|x86.Build.0 = Debug|Any CPU
		{E2805FD3-0CFA-4BD4-81F4-9D6A4D57BBFC}.Release|Any CPU.ActiveCfg = Release|Any CPU
		{E2805FD3-0CFA-4BD4-81F4-9D6A4D57BBFC}.Release|Any CPU.Build.0 = Release|Any CPU
		{E2805FD3-0CFA-4BD4-81F4-9D6A4D57BBFC}.Release|x64.ActiveCfg = Release|Any CPU
		{E2805FD3-0CFA-4BD4-81F4-9D6A4D57BBFC}.Release|x64.Build.0 = Release|Any CPU
		{E2805FD3-0CFA-4BD4-81F4-9D6A4D57BBFC}.Release|x86.ActiveCfg = Release|Any CPU
		{E2805FD3-0CFA-4BD4-81F4-9D6A4D57BBFC}.Release|x86.Build.0 = Release|Any CPU
		{8A903B02-6A80-4196-8EC2-CF38DBFC02D5}.Debug|Any CPU.ActiveCfg = Debug|Any CPU
		{8A903B02-6A80-4196-8EC2-CF38DBFC02D5}.Debug|Any CPU.Build.0 = Debug|Any CPU
		{8A903B02-6A80-4196-8EC2-CF38DBFC02D5}.Debug|x64.ActiveCfg = Debug|Any CPU
		{8A903B02-6A80-4196-8EC2-CF38DBFC02D5}.Debug|x64.Build.0 = Debug|Any CPU
		{8A903B02-6A80-4196-8EC2-CF38DBFC02D5}.Debug|x86.ActiveCfg = Debug|Any CPU
		{8A903B02-6A80-4196-8EC2-CF38DBFC02D5}.Debug|x86.Build.0 = Debug|Any CPU
		{8A903B02-6A80-4196-8EC2-CF38DBFC02D5}.Release|Any CPU.ActiveCfg = Release|Any CPU
		{8A903B02-6A80-4196-8EC2-CF38DBFC02D5}.Release|Any CPU.Build.0 = Release|Any CPU
		{8A903B02-6A80-4196-8EC2-CF38DBFC02D5}.Release|x64.ActiveCfg = Release|Any CPU
		{8A903B02-6A80-4196-8EC2-CF38DBFC02D5}.Release|x64.Build.0 = Release|Any CPU
		{8A903B02-6A80-4196-8EC2-CF38DBFC02D5}.Release|x86.ActiveCfg = Release|Any CPU
		{8A903B02-6A80-4196-8EC2-CF38DBFC02D5}.Release|x86.Build.0 = Release|Any CPU
	EndGlobalSection
	GlobalSection(SolutionProperties) = preSolution
		HideSolutionNode = FALSE
	EndGlobalSection
EndGlobal
